
Microsoft Visual Studio Solution File, Format Version 12.00
# Visual Studio Version 16
VisualStudioVersion = 16.0.30114.105
MinimumVisualStudioVersion = 10.0.40219.1
Project("{FAE04EC0-301F-11D3-BF4B-00C04F79EFBC}") = "Wizlib", "Wizlib.csproj", "{6C148CDE-C018-4E2B-A60F-11A1830B9D93}"
EndProject
Project("{FAE04EC0-301F-11D3-BF4B-00C04F79EFBC}") = "Wizlib.Model", "..\Wizlib.Model\Wizlib.Model.csproj", "{56582F18-2A4C-4DA9-A882-B1C67DCA97FC}"
EndProject
Project("{FAE04EC0-301F-11D3-BF4B-00C04F79EFBC}") = "Wizlib.DataAccess", "..\Wizlib.DataAccess\Wizlib.DataAccess.csproj", "{F8B8BE57-F283-40B1-AF9A-55A0CCD28C15}"
EndProject
Global
	GlobalSection(SolutionConfigurationPlatforms) = preSolution
		Debug|Any CPU = Debug|Any CPU
		Release|Any CPU = Release|Any CPU
	EndGlobalSection
	GlobalSection(ProjectConfigurationPlatforms) = postSolution
		{6C148CDE-C018-4E2B-A60F-11A1830B9D93}.Debug|Any CPU.ActiveCfg = Debug|Any CPU
		{6C148CDE-C018-4E2B-A60F-11A1830B9D93}.Debug|Any CPU.Build.0 = Debug|Any CPU
		{6C148CDE-C018-4E2B-A60F-11A1830B9D93}.Release|Any CPU.ActiveCfg = Release|Any CPU
		{6C148CDE-C018-4E2B-A60F-11A1830B9D93}.Release|Any CPU.Build.0 = Release|Any CPU
		{56582F18-2A4C-4DA9-A882-B1C67DCA97FC}.Debug|Any CPU.ActiveCfg = Debug|Any CPU
		{56582F18-2A4C-4DA9-A882-B1C67DCA97FC}.Debug|Any CPU.Build.0 = Debug|Any CPU
		{56582F18-2A4C-4DA9-A882-B1C67DCA97FC}.Release|Any CPU.ActiveCfg = Release|Any CPU
		{56582F18-2A4C-4DA9-A882-B1C67DCA97FC}.Release|Any CPU.Build.0 = Release|Any CPU
		{F8B8BE57-F283-40B1-AF9A-55A0CCD28C15}.Debug|Any CPU.ActiveCfg = Debug|Any CPU
		{F8B8BE57-F283-40B1-AF9A-55A0CCD28C15}.Debug|Any CPU.Build.0 = Debug|Any CPU
		{F8B8BE57-F283-40B1-AF9A-55A0CCD28C15}.Release|Any CPU.ActiveCfg = Release|Any CPU
		{F8B8BE57-F283-40B1-AF9A-55A0CCD28C15}.Release|Any CPU.Build.0 = Release|Any CPU
	EndGlobalSection
	GlobalSection(SolutionProperties) = preSolution
		HideSolutionNode = FALSE
	EndGlobalSection
	GlobalSection(ExtensibilityGlobals) = postSolution
		SolutionGuid = {E3DED3B5-3008-4226-AF8A-AE445AE0DC64}
	EndGlobalSection
EndGlobal
